{
  "name": "shoppinpal-warehouse-mongo",
  "version": "1.6.0",
  "lockfileVersion": 1,
  "requires": true,
  "dependencies": {
    "@sentry/apm": {
      "version": "5.10.2",
      "resolved": "https://registry.npmjs.org/@sentry/apm/-/apm-5.10.2.tgz",
      "integrity": "sha512-rPeAFsD/6ontvs7bsuHh+XAg1ohWo04ms08SNWqEvLRQJx7WfiWnjziyC0S3dXIYZDGdhruSsqQJPJN8r6Aj5g==",
      "requires": {
        "@sentry/hub": "5.10.2",
        "@sentry/minimal": "5.10.2",
        "@sentry/types": "5.10.0",
        "@sentry/utils": "5.10.2",
        "tslib": "^1.9.3"
      }
    },
    "@sentry/core": {
      "version": "5.10.2",
      "resolved": "https://registry.npmjs.org/@sentry/core/-/core-5.10.2.tgz",
      "integrity": "sha512-sKVeFH3v8K8xw2vM5MKMnnyAAwih+JSE3pbNL0CcCCA+/SwX+3jeAo2BhgXev2SAR/TjWW+wmeC9TdIW7KyYbg==",
      "requires": {
        "@sentry/hub": "5.10.2",
        "@sentry/minimal": "5.10.2",
        "@sentry/types": "5.10.0",
        "@sentry/utils": "5.10.2",
        "tslib": "^1.9.3"
      }
    },
    "@sentry/hub": {
      "version": "5.10.2",
      "resolved": "https://registry.npmjs.org/@sentry/hub/-/hub-5.10.2.tgz",
      "integrity": "sha512-hSlZIiu3hcR/I5yEhlpN9C0nip+U7hiRzRzUQaBiHO4YG4TC58NqnOPR89D/ekiuHIXzFpjW9OQmqtAMRoSUYA==",
      "requires": {
        "@sentry/types": "5.10.0",
        "@sentry/utils": "5.10.2",
        "tslib": "^1.9.3"
      }
    },
    "@sentry/minimal": {
      "version": "5.10.2",
      "resolved": "https://registry.npmjs.org/@sentry/minimal/-/minimal-5.10.2.tgz",
      "integrity": "sha512-GalixiM9sckYfompH5HHTp9XT2BcjawBkcl1DMEKUBEi37+kUq0bivOBmnN1G/I4/wWOUdnAI/kagDWaWpbZPg==",
      "requires": {
        "@sentry/hub": "5.10.2",
        "@sentry/types": "5.10.0",
        "tslib": "^1.9.3"
      }
    },
    "@sentry/node": {
      "version": "5.10.2",
      "resolved": "https://registry.npmjs.org/@sentry/node/-/node-5.10.2.tgz",
      "integrity": "sha512-1ib1hAhVtmfXOThpcCfR4S6wFopd6lHqgOMrAUPo9saHy8zseZPRC7iTWGoSPy2RMwjrURAk54VvFnLe7G+PdQ==",
      "requires": {
        "@sentry/apm": "5.10.2",
        "@sentry/core": "5.10.2",
        "@sentry/hub": "5.10.2",
        "@sentry/types": "5.10.0",
        "@sentry/utils": "5.10.2",
        "cookie": "^0.3.1",
        "https-proxy-agent": "^3.0.0",
        "lru_map": "^0.3.3",
        "tslib": "^1.9.3"
      }
    },
    "@sentry/types": {
      "version": "5.10.0",
      "resolved": "https://registry.npmjs.org/@sentry/types/-/types-5.10.0.tgz",
      "integrity": "sha512-TW20GzkCWsP6uAxR2JIpIkiitCKyIOfkyDsKBeLqYj4SaZjfvBPnzgNCcYR0L0UsP1/Es6oHooZfIGSkp6GGxQ=="
    },
    "@sentry/utils": {
      "version": "5.10.2",
      "resolved": "https://registry.npmjs.org/@sentry/utils/-/utils-5.10.2.tgz",
      "integrity": "sha512-UcbbaFpYrGSV448lQ16Cr+W/MPuKUflQQUdrMCt5vgaf5+M7kpozlcji4GGGZUCXIA7oRP93ABoXj55s1OM9zw==",
      "requires": {
        "@sentry/types": "5.10.0",
        "tslib": "^1.9.3"
      }
    },
    "agent-base": {
      "version": "4.3.0",
      "resolved": "https://registry.npmjs.org/agent-base/-/agent-base-4.3.0.tgz",
      "integrity": "sha512-salcGninV0nPrwpGNn4VTXBb1SOuXQBiqbrNXoeizJsHrsL6ERFM2Ne3JUSBWRE6aeNJI2ROP/WEEIDUiDe3cg==",
      "requires": {
        "es6-promisify": "^5.0.0"
      }
    },
    "cookie": {
      "version": "0.3.1",
      "resolved": "https://registry.npmjs.org/cookie/-/cookie-0.3.1.tgz",
      "integrity": "sha1-5+Ch+e9DtMi6klxcWpboBtFoc7s="
    },
    "es6-promise": {
      "version": "4.2.8",
      "resolved": "https://registry.npmjs.org/es6-promise/-/es6-promise-4.2.8.tgz",
      "integrity": "sha512-HJDGx5daxeIvxdBxvG2cb9g4tEvwIk3i8+nhX0yGrYmZUzbkdg8QbDevheDB8gd0//uPj4c1EQua8Q+MViT0/w=="
    },
    "es6-promisify": {
      "version": "5.0.0",
      "resolved": "https://registry.npmjs.org/es6-promisify/-/es6-promisify-5.0.0.tgz",
      "integrity": "sha1-UQnWLz5W6pZ8S2NQWu8IKRyKUgM=",
      "requires": {
        "es6-promise": "^4.0.3"
      }
    },
    "https-proxy-agent": {
      "version": "3.0.1",
      "resolved": "https://registry.npmjs.org/https-proxy-agent/-/https-proxy-agent-3.0.1.tgz",
      "integrity": "sha512-+ML2Rbh6DAuee7d07tYGEKOEi2voWPUGan+ExdPbPW6Z3svq+JCqr0v8WmKPOkz1vOVykPCBSuobe7G8GJUtVg==",
      "requires": {
        "agent-base": "^4.3.0",
        "debug": "^3.1.0"
      },
      "dependencies": {
        "debug": {
          "version": "3.2.6",
          "resolved": "https://registry.npmjs.org/debug/-/debug-3.2.6.tgz",
          "integrity": "sha512-mel+jf7nrtEl5Pn1Qx46zARXKDpBbvzezse7p7LqINmdoIk8PYP5SySaxEmYv6TZ0JyEKA1hsCId6DIhgITtWQ==",
          "requires": {
            "ms": "^2.1.1"
          }
        }
      }
    },
    "lru_map": {
      "version": "0.3.3",
      "resolved": "https://registry.npmjs.org/lru_map/-/lru_map-0.3.3.tgz",
      "integrity": "sha1-tcg1G5Rky9dQM1p5ZQoOwOVhGN0="
    },
    "ms": {
      "version": "2.1.2",
      "resolved": "https://registry.npmjs.org/ms/-/ms-2.1.2.tgz",
      "integrity": "sha512-sGkPx+VjMtmA6MX27oA4FBFELFCZZ4S4XqeGOXCv68tT+jb3vk/RyaKWP0PTKyWtmLSM0b+adUTEvbs1PEaH2w=="
    },
    "tslib": {
      "version": "1.10.0",
      "resolved": "https://registry.npmjs.org/tslib/-/tslib-1.10.0.tgz",
      "integrity": "sha512-qOebF53frne81cf0S9B41ByenJ3/IuH8yJKngAX35CmiZySA0khhkovshKK+jGCaMnVomla7gVlIcc3EvKPbTQ=="
    }
  }
}
